{
  "name": "usb-relay",
  "lockfileVersion": 2,
  "requires": true,
  "packages": {
    "": {
      "dependencies": {
        "ftdi-d2xx": "^1.1.2"
      }
    },
    "node_modules/ftdi-d2xx": {
      "version": "1.1.2",
      "resolved": "https://registry.npmjs.org/ftdi-d2xx/-/ftdi-d2xx-1.1.2.tgz",
      "integrity": "sha512-TL5IV7WpUwaeXWw7hTPl893ynhHwp0zOgBoGgPD3VGe+WKj2KzCZuR142m+9nIu3yAGgwc1P+Im2KTrdduC50w=="
    }
  },
  "dependencies": {
    "ftdi-d2xx": {
      "version": "1.1.2",
      "resolved": "https://registry.npmjs.org/ftdi-d2xx/-/ftdi-d2xx-1.1.2.tgz",
      "integrity": "sha512-TL5IV7WpUwaeXWw7hTPl893ynhHwp0zOgBoGgPD3VGe+WKj2KzCZuR142m+9nIu3yAGgwc1P+Im2KTrdduC50w=="
    }
  }
}
